
Microsoft Visual Studio Solution File, Format Version 12.00
# Visual Studio 15
VisualStudioVersion = 15.0.28010.2036
MinimumVisualStudioVersion = 10.0.40219.1
Project("{FAE04EC0-301F-11D3-BF4B-00C04F79EFBC}") = "androidform.Android", "androidform\androidform.Android\androidform.Android.csproj", "{EE2886E0-B6D2-4905-80EB-FBFC9E7E6CD6}"
EndProject
Project("{FAE04EC0-301F-11D3-BF4B-00C04F79EFBC}") = "androidform", "androidform\androidform\androidform.csproj", "{E51A4374-AFB3-4948-8EA7-4C3242823F38}"
EndProject
Global
	GlobalSection(SolutionConfigurationPlatforms) = preSolution
		Debug|Any CPU = Debug|Any CPU
		Release|Any CPU = Release|Any CPU
	EndGlobalSection
	GlobalSection(ProjectConfigurationPlatforms) = postSolution
		{EE2886E0-B6D2-4905-80EB-FBFC9E7E6CD6}.Debug|Any CPU.ActiveCfg = Debug|Any CPU
		{EE2886E0-B6D2-4905-80EB-FBFC9E7E6CD6}.Debug|Any CPU.Build.0 = Debug|Any CPU
		{EE2886E0-B6D2-4905-80EB-FBFC9E7E6CD6}.Debug|Any CPU.Deploy.0 = Debug|Any CPU
		{EE2886E0-B6D2-4905-80EB-FBFC9E7E6CD6}.Release|Any CPU.ActiveCfg = Release|Any CPU
		{EE2886E0-B6D2-4905-80EB-FBFC9E7E6CD6}.Release|Any CPU.Build.0 = Release|Any CPU
		{EE2886E0-B6D2-4905-80EB-FBFC9E7E6CD6}.Release|Any CPU.Deploy.0 = Release|Any CPU
		{E51A4374-AFB3-4948-8EA7-4C3242823F38}.Debug|Any CPU.ActiveCfg = Debug|Any CPU
		{E51A4374-AFB3-4948-8EA7-4C3242823F38}.Debug|Any CPU.Build.0 = Debug|Any CPU
		{E51A4374-AFB3-4948-8EA7-4C3242823F38}.Release|Any CPU.ActiveCfg = Release|Any CPU
		{E51A4374-AFB3-4948-8EA7-4C3242823F38}.Release|Any CPU.Build.0 = Release|Any CPU
	EndGlobalSection
	GlobalSection(SolutionProperties) = preSolution
		HideSolutionNode = FALSE
	EndGlobalSection
	GlobalSection(ExtensibilityGlobals) = postSolution
		SolutionGuid = {46B44A41-9F38-4985-B107-06C513CEAD35}
	EndGlobalSection
EndGlobal
